
Microsoft Visual Studio Solution File, Format Version 12.00
# Visual Studio Version 17
VisualStudioVersion = 17.11.35219.272
MinimumVisualStudioVersion = 10.0.40219.1
Project("{FAE04EC0-301F-11D3-BF4B-00C04F79EFBC}") = "PurchasingTask", "PurchasingTask\PurchasingTask.csproj", "{81828EA4-3792-442D-9BE5-239908E7482D}"
EndProject
Global
	GlobalSection(SolutionConfigurationPlatforms) = preSolution
		Debug|Any CPU = Debug|Any CPU
		Release|Any CPU = Release|Any CPU
	EndGlobalSection
	GlobalSection(ProjectConfigurationPlatforms) = postSolution
		{81828EA4-3792-442D-9BE5-239908E7482D}.Debug|Any CPU.ActiveCfg = Debug|Any CPU
		{81828EA4-3792-442D-9BE5-239908E7482D}.Debug|Any CPU.Build.0 = Debug|Any CPU
		{81828EA4-3792-442D-9BE5-239908E7482D}.Release|Any CPU.ActiveCfg = Release|Any CPU
		{81828EA4-3792-442D-9BE5-239908E7482D}.Release|Any CPU.Build.0 = Release|Any CPU
	EndGlobalSection
	GlobalSection(SolutionProperties) = preSolution
		HideSolutionNode = FALSE
	EndGlobalSection
	GlobalSection(ExtensibilityGlobals) = postSolution
		SolutionGuid = {AC9BBFEF-6400-48E3-9E65-860178D026A9}
	EndGlobalSection
EndGlobal
